{
  "name": \"connai\",
  "version": \"0.2.0\",
  "lockfileVersion": 3,
  "requires": true,
  "packages": {
    \"\": {
      \"name\": \"connai\",
      \"version\": \"0.2.0\",
      \"dependencies\": {
        \"@ai-sdk/openai\": \"^1.1.0\",
        \"@supabase/supabase-js\": \"^2.39.0\",
        \"ai\": \"^4.1.0\",
        \"clsx\": \"^2.1.1\",
        \"lucide-react\": \"^0.400.0\",
        \"next\": \"14.2.5\",
        \"react\": \"^18\",
        \"react-countup\": \"^6.5.3\",
        \"react-dom\": \"^18\",
        \"tailwind-merge\": \"^2.3.0\",
        \"uuid\": \"^9.0.1\",
        \"zod\": \"^3.22.4\"
      },
      \"devDependencies\": {
        \"@types/node\": \"^20\",
        \"@types/react\": \"^18\",
        \"@types/react-dom\": \"^18\",
        \"@types/uuid\": \"^9.0.8\",
        \"autoprefixer\": \"^10.0.1\",
        \"eslint\": \"^8\",
        \"eslint-config-next\": \"14.2.5\",
        \"postcss\": \"^8\",
        \"tailwindcss\": \"^3.4.1\",
        \"typescript\": \"^5\"
      }
    },
    \"node_modules/@types/uuid\": {
      \"version\": \"9.0.8\",
      \"resolved\": \"https://registry.npmjs.org/@types/uuid/-/uuid-9.0.8.tgz\",
      \"integrity\": \"sha512-jg+97EGIcY9AGHJJRaaPVgetKDsrTgbRjQ5Msgjh/DQKEFl0DtyRr/VCOyD1T2R1MNeWPK/u7JoGhlDZnKBAfA==\",
      \"dev\": true
    },
    \"node_modules/uuid\": {
      \"version\": \"9.0.1\",
      \"resolved\": \"https://registry.npmjs.org/uuid/-/uuid-9.0.1.tgz\",
      \"integrity\": \"sha512-b+1eJOlsR9K8HJpow9Ok3fiWOWSIcIzXodvv0rQjVoOVNpWMpxf1wZNpt4y9h10odCNrqnYp1OBzRktckBe3sA==\",
      \"bin\": {
        \"uuid\": \"dist/bin/uuid\"
      }
    }
  }
}